
Microsoft Visual Studio Solution File, Format Version 12.00
# Visual Studio Version 17
VisualStudioVersion = 17.7.34221.43
MinimumVisualStudioVersion = 10.0.40219.1
Project("{9A19103F-16F7-4668-BE54-9A1E7A4F7556}") = "DataStructure", "..\DataStructure\DataStructure.csproj", "{D8038051-B892-4505-81FD-6C72C2481853}"
EndProject
Project("{9A19103F-16F7-4668-BE54-9A1E7A4F7556}") = "Delegates", "..\Delegates\Delegates.csproj", "{F80BA650-22E9-4D8E-8FE7-806C1E3383DE}"
EndProject
Project("{FAE04EC0-301F-11D3-BF4B-00C04F79EFBC}") = "UsefulMethods", "UsefulMethods\UsefulMethods.csproj", "{7FAF8123-9108-40E8-AF4F-0AFA4351C6D0}"
EndProject
Global
	GlobalSection(SolutionConfigurationPlatforms) = preSolution
		Debug|Any CPU = Debug|Any CPU
		Release|Any CPU = Release|Any CPU
	EndGlobalSection
	GlobalSection(ProjectConfigurationPlatforms) = postSolution
		{D8038051-B892-4505-81FD-6C72C2481853}.Debug|Any CPU.ActiveCfg = Debug|Any CPU
		{D8038051-B892-4505-81FD-6C72C2481853}.Debug|Any CPU.Build.0 = Debug|Any CPU
		{D8038051-B892-4505-81FD-6C72C2481853}.Release|Any CPU.ActiveCfg = Release|Any CPU
		{D8038051-B892-4505-81FD-6C72C2481853}.Release|Any CPU.Build.0 = Release|Any CPU
		{F80BA650-22E9-4D8E-8FE7-806C1E3383DE}.Debug|Any CPU.ActiveCfg = Debug|Any CPU
		{F80BA650-22E9-4D8E-8FE7-806C1E3383DE}.Debug|Any CPU.Build.0 = Debug|Any CPU
		{F80BA650-22E9-4D8E-8FE7-806C1E3383DE}.Release|Any CPU.ActiveCfg = Release|Any CPU
		{F80BA650-22E9-4D8E-8FE7-806C1E3383DE}.Release|Any CPU.Build.0 = Release|Any CPU
		{7FAF8123-9108-40E8-AF4F-0AFA4351C6D0}.Debug|Any CPU.ActiveCfg = Debug|Any CPU
		{7FAF8123-9108-40E8-AF4F-0AFA4351C6D0}.Debug|Any CPU.Build.0 = Debug|Any CPU
		{7FAF8123-9108-40E8-AF4F-0AFA4351C6D0}.Release|Any CPU.ActiveCfg = Release|Any CPU
		{7FAF8123-9108-40E8-AF4F-0AFA4351C6D0}.Release|Any CPU.Build.0 = Release|Any CPU
	EndGlobalSection
	GlobalSection(SolutionProperties) = preSolution
		HideSolutionNode = FALSE
	EndGlobalSection
	GlobalSection(ExtensibilityGlobals) = postSolution
		SolutionGuid = {C84BDBB5-D619-4AA3-8DFF-2CC5FD1C551B}
	EndGlobalSection
EndGlobal
